// !$*UTF8*$!
{
	archiveVersion = 1;
	classes = {
	};
	objectVersion = 56;
	objects = {

/* Begin PBXBuildFile section */
		EA2793942CFBD6BF0088733D /* CustomTextField.swift in Sources */ = {isa = PBXBuildFile; fileRef = EA2793922CFBD6BF0088733D /* CustomTextField.swift */; };
		EA27939B2CFBD6E70088733D /* LoginViewModel.swift in Sources */ = {isa = PBXBuildFile; fileRef = EA2793962CFBD6E70088733D /* LoginViewModel.swift */; };
		EA27939C2CFBD6E70088733D /* LoginView.swift in Sources */ = {isa = PBXBuildFile; fileRef = EA2793982CFBD6E70088733D /* LoginView.swift */; };
		EA27939E2CFBD7700088733D /* LoginConstants.swift in Sources */ = {isa = PBXBuildFile; fileRef = EA27939D2CFBD7700088733D /* LoginConstants.swift */; };
		EA2793A02CFBD8430088733D /* LoginError.swift in Sources */ = {isa = PBXBuildFile; fileRef = EA27939F2CFBD8430088733D /* LoginError.swift */; };
		EA2793A52CFBDA280088733D /* NetworkService.swift in Sources */ = {isa = PBXBuildFile; fileRef = EA2793A42CFBDA280088733D /* NetworkService.swift */; };
		EA2793A72CFBDA7B0088733D /* ServiceError.swift in Sources */ = {isa = PBXBuildFile; fileRef = EA2793A62CFBDA7B0088733D /* ServiceError.swift */; };
		EA2793A92CFC13850088733D /* LoginService.swift in Sources */ = {isa = PBXBuildFile; fileRef = EA2793A82CFC13850088733D /* LoginService.swift */; };
		EA2793AC2CFC13C50088733D /* LoginResult.swift in Sources */ = {isa = PBXBuildFile; fileRef = EA2793AB2CFC13C50088733D /* LoginResult.swift */; };
		EA2793AF2CFC19340088733D /* Moya in Frameworks */ = {isa = PBXBuildFile; productRef = EA2793AE2CFC19340088733D /* Moya */; };
		EA2793B22CFC2B6B0088733D /* MoviesView.swift in Sources */ = {isa = PBXBuildFile; fileRef = EA2793B12CFC2B6B0088733D /* MoviesView.swift */; };
		EA2793B52CFC2E470088733D /* Stinsen in Frameworks */ = {isa = PBXBuildFile; productRef = EA2793B42CFC2E470088733D /* Stinsen */; };
		EA2793B92CFC2FE60088733D /* UnauthenticatedCoordinator.swift in Sources */ = {isa = PBXBuildFile; fileRef = EA2793B82CFC2FE60088733D /* UnauthenticatedCoordinator.swift */; };
		EA2793BB2CFC30540088733D /* AuthenticatedCoordinator.swift in Sources */ = {isa = PBXBuildFile; fileRef = EA2793BA2CFC30540088733D /* AuthenticatedCoordinator.swift */; };
		EA2793BD2CFC315D0088733D /* Stinsen+Extensions.swift in Sources */ = {isa = PBXBuildFile; fileRef = EA2793BC2CFC315D0088733D /* Stinsen+Extensions.swift */; };
		EA2793C02CFC33FB0088733D /* PersistenceService.swift in Sources */ = {isa = PBXBuildFile; fileRef = EA2793BF2CFC33FB0088733D /* PersistenceService.swift */; };
		EA2793C22CFC34590088733D /* UserDefaultsService.swift in Sources */ = {isa = PBXBuildFile; fileRef = EA2793C12CFC34590088733D /* UserDefaultsService.swift */; };
		EA2793C52CFC35920088733D /* Codable+Extensions.swift in Sources */ = {isa = PBXBuildFile; fileRef = EA2793C42CFC35920088733D /* Codable+Extensions.swift */; };
		EA2793CA2CFCDA660088733D /* Movie.swift in Sources */ = {isa = PBXBuildFile; fileRef = EA2793C92CFCDA660088733D /* Movie.swift */; };
		EA2793CE2CFCDC730088733D /* MoviesService.swift in Sources */ = {isa = PBXBuildFile; fileRef = EA2793CD2CFCDC730088733D /* MoviesService.swift */; };
		EA2793D02CFCDC850088733D /* MoviesAPI.swift in Sources */ = {isa = PBXBuildFile; fileRef = EA2793CF2CFCDC850088733D /* MoviesAPI.swift */; };
		EA2793D22CFCEAE60088733D /* MoviesViewModel.swift in Sources */ = {isa = PBXBuildFile; fileRef = EA2793D12CFCEAE60088733D /* MoviesViewModel.swift */; };
		EA2793D42CFCEB030088733D /* MovieCell.swift in Sources */ = {isa = PBXBuildFile; fileRef = EA2793D32CFCEB030088733D /* MovieCell.swift */; };
		EA2793D62CFCFAA80088733D /* MoviesError.swift in Sources */ = {isa = PBXBuildFile; fileRef = EA2793D52CFCFAA80088733D /* MoviesError.swift */; };
		EA2793D82CFD37680088733D /* MovieDetailView.swift in Sources */ = {isa = PBXBuildFile; fileRef = EA2793D72CFD37680088733D /* MovieDetailView.swift */; };
		EA2793DA2CFD382E0088733D /* MovieDetailViewModel.swift in Sources */ = {isa = PBXBuildFile; fileRef = EA2793D92CFD382E0088733D /* MovieDetailViewModel.swift */; };
		EAA666C42CFBC67D005DACE2 /* moviesApp.swift in Sources */ = {isa = PBXBuildFile; fileRef = EAA666C32CFBC67D005DACE2 /* moviesApp.swift */; };
		EAA666C82CFBC67F005DACE2 /* Assets.xcassets in Resources */ = {isa = PBXBuildFile; fileRef = EAA666C72CFBC67F005DACE2 /* Assets.xcassets */; };
		EAA666CB2CFBC67F005DACE2 /* Preview Assets.xcassets in Resources */ = {isa = PBXBuildFile; fileRef = EAA666CA2CFBC67F005DACE2 /* Preview Assets.xcassets */; };
/* End PBXBuildFile section */

/* Begin PBXFileReference section */
		EA2793922CFBD6BF0088733D /* CustomTextField.swift */ = {isa = PBXFileReference; fileEncoding = 4; lastKnownFileType = sourcecode.swift; path = CustomTextField.swift; sourceTree = "<group>"; };
		EA2793962CFBD6E70088733D /* LoginViewModel.swift */ = {isa = PBXFileReference; fileEncoding = 4; lastKnownFileType = sourcecode.swift; path = LoginViewModel.swift; sourceTree = "<group>"; };
		EA2793982CFBD6E70088733D /* LoginView.swift */ = {isa = PBXFileReference; fileEncoding = 4; lastKnownFileType = sourcecode.swift; path = LoginView.swift; sourceTree = "<group>"; };
		EA27939D2CFBD7700088733D /* LoginConstants.swift */ = {isa = PBXFileReference; lastKnownFileType = sourcecode.swift; path = LoginConstants.swift; sourceTree = "<group>"; };
		EA27939F2CFBD8430088733D /* LoginError.swift */ = {isa = PBXFileReference; lastKnownFileType = sourcecode.swift; path = LoginError.swift; sourceTree = "<group>"; };
		EA2793A42CFBDA280088733D /* NetworkService.swift */ = {isa = PBXFileReference; lastKnownFileType = sourcecode.swift; path = NetworkService.swift; sourceTree = "<group>"; };
		EA2793A62CFBDA7B0088733D /* ServiceError.swift */ = {isa = PBXFileReference; lastKnownFileType = sourcecode.swift; path = ServiceError.swift; sourceTree = "<group>"; };
		EA2793A82CFC13850088733D /* LoginService.swift */ = {isa = PBXFileReference; lastKnownFileType = sourcecode.swift; path = LoginService.swift; sourceTree = "<group>"; };
		EA2793AB2CFC13C50088733D /* LoginResult.swift */ = {isa = PBXFileReference; lastKnownFileType = sourcecode.swift; path = LoginResult.swift; sourceTree = "<group>"; };
		EA2793B12CFC2B6B0088733D /* MoviesView.swift */ = {isa = PBXFileReference; lastKnownFileType = sourcecode.swift; path = MoviesView.swift; sourceTree = "<group>"; };
		EA2793B82CFC2FE60088733D /* UnauthenticatedCoordinator.swift */ = {isa = PBXFileReference; lastKnownFileType = sourcecode.swift; path = UnauthenticatedCoordinator.swift; sourceTree = "<group>"; };
		EA2793BA2CFC30540088733D /* AuthenticatedCoordinator.swift */ = {isa = PBXFileReference; lastKnownFileType = sourcecode.swift; path = AuthenticatedCoordinator.swift; sourceTree = "<group>"; };
		EA2793BC2CFC315D0088733D /* Stinsen+Extensions.swift */ = {isa = PBXFileReference; lastKnownFileType = sourcecode.swift; path = "Stinsen+Extensions.swift"; sourceTree = "<group>"; };
		EA2793BF2CFC33FB0088733D /* PersistenceService.swift */ = {isa = PBXFileReference; lastKnownFileType = sourcecode.swift; path = PersistenceService.swift; sourceTree = "<group>"; };
		EA2793C12CFC34590088733D /* UserDefaultsService.swift */ = {isa = PBXFileReference; lastKnownFileType = sourcecode.swift; path = UserDefaultsService.swift; sourceTree = "<group>"; };
		EA2793C42CFC35920088733D /* Codable+Extensions.swift */ = {isa = PBXFileReference; lastKnownFileType = sourcecode.swift; path = "Codable+Extensions.swift"; sourceTree = "<group>"; };
		EA2793C92CFCDA660088733D /* Movie.swift */ = {isa = PBXFileReference; lastKnownFileType = sourcecode.swift; path = Movie.swift; sourceTree = "<group>"; };
		EA2793CD2CFCDC730088733D /* MoviesService.swift */ = {isa = PBXFileReference; lastKnownFileType = sourcecode.swift; path = MoviesService.swift; sourceTree = "<group>"; };
		EA2793CF2CFCDC850088733D /* MoviesAPI.swift */ = {isa = PBXFileReference; lastKnownFileType = sourcecode.swift; path = MoviesAPI.swift; sourceTree = "<group>"; };
		EA2793D12CFCEAE60088733D /* MoviesViewModel.swift */ = {isa = PBXFileReference; lastKnownFileType = sourcecode.swift; path = MoviesViewModel.swift; sourceTree = "<group>"; };
		EA2793D32CFCEB030088733D /* MovieCell.swift */ = {isa = PBXFileReference; lastKnownFileType = sourcecode.swift; path = MovieCell.swift; sourceTree = "<group>"; };
		EA2793D52CFCFAA80088733D /* MoviesError.swift */ = {isa = PBXFileReference; lastKnownFileType = sourcecode.swift; path = MoviesError.swift; sourceTree = "<group>"; };
		EA2793D72CFD37680088733D /* MovieDetailView.swift */ = {isa = PBXFileReference; lastKnownFileType = sourcecode.swift; path = MovieDetailView.swift; sourceTree = "<group>"; };
		EA2793D92CFD382E0088733D /* MovieDetailViewModel.swift */ = {isa = PBXFileReference; lastKnownFileType = sourcecode.swift; path = MovieDetailViewModel.swift; sourceTree = "<group>"; };
		EAA666C02CFBC67D005DACE2 /* movies.app */ = {isa = PBXFileReference; explicitFileType = wrapper.application; includeInIndex = 0; path = movies.app; sourceTree = BUILT_PRODUCTS_DIR; };
		EAA666C32CFBC67D005DACE2 /* moviesApp.swift */ = {isa = PBXFileReference; lastKnownFileType = sourcecode.swift; path = moviesApp.swift; sourceTree = "<group>"; };
		EAA666C72CFBC67F005DACE2 /* Assets.xcassets */ = {isa = PBXFileReference; lastKnownFileType = folder.assetcatalog; path = Assets.xcassets; sourceTree = "<group>"; };
		EAA666CA2CFBC67F005DACE2 /* Preview Assets.xcassets */ = {isa = PBXFileReference; lastKnownFileType = folder.assetcatalog; path = "Preview Assets.xcassets"; sourceTree = "<group>"; };
/* End PBXFileReference section */

/* Begin PBXFrameworksBuildPhase section */
		EAA666BD2CFBC67D005DACE2 /* Frameworks */ = {
			isa = PBXFrameworksBuildPhase;
			buildActionMask = 2147483647;
			files = (
				EA2793AF2CFC19340088733D /* Moya in Frameworks */,
				EA2793B52CFC2E470088733D /* Stinsen in Frameworks */,
			);
			runOnlyForDeploymentPostprocessing = 0;
		};
/* End PBXFrameworksBuildPhase section */

/* Begin PBXGroup section */
		EA2793932CFBD6BF0088733D /* TextFields */ = {
			isa = PBXGroup;
			children = (
				EA2793922CFBD6BF0088733D /* CustomTextField.swift */,
			);
			path = TextFields;
			sourceTree = "<group>";
		};
		EA2793952CFBD6E70088733D /* Models */ = {
			isa = PBXGroup;
			children = (
				EA27939D2CFBD7700088733D /* LoginConstants.swift */,
				EA27939F2CFBD8430088733D /* LoginError.swift */,
			);
			path = Models;
			sourceTree = "<group>";
		};
		EA2793972CFBD6E70088733D /* ViewModels */ = {
			isa = PBXGroup;
			children = (
				EA2793962CFBD6E70088733D /* LoginViewModel.swift */,
			);
			path = ViewModels;
			sourceTree = "<group>";
		};
		EA2793992CFBD6E70088733D /* Views */ = {
			isa = PBXGroup;
			children = (
				EA2793982CFBD6E70088733D /* LoginView.swift */,
			);
			path = Views;
			sourceTree = "<group>";
		};
		EA27939A2CFBD6E70088733D /* Login */ = {
			isa = PBXGroup;
			children = (
				EA2793952CFBD6E70088733D /* Models */,
				EA2793972CFBD6E70088733D /* ViewModels */,
				EA2793992CFBD6E70088733D /* Views */,
			);
			path = Login;
			sourceTree = "<group>";
		};
		EA2793A22CFBDA0B0088733D /* Models */ = {
			isa = PBXGroup;
			children = (
				EA2793A62CFBDA7B0088733D /* ServiceError.swift */,
			);
			path = Models;
			sourceTree = "<group>";
		};
		EA2793A32CFBDA110088733D /* Services */ = {
			isa = PBXGroup;
			children = (
				EA2793CC2CFCDC4F0088733D /* Movies */,
				EA2793CB2CFCDC450088733D /* Login */,
			);
			path = Services;
			sourceTree = "<group>";
		};
		EA2793AA2CFC13B90088733D /* Models */ = {
			isa = PBXGroup;
			children = (
				EA2793AB2CFC13C50088733D /* LoginResult.swift */,
			);
			path = Models;
			sourceTree = "<group>";
		};
		EA2793AD2CFC19340088733D /* Frameworks */ = {
			isa = PBXGroup;
			children = (
			);
			name = Frameworks;
			sourceTree = "<group>";
		};
		EA2793B02CFC2B4F0088733D /* Movies */ = {
			isa = PBXGroup;
			children = (
				EA2793C82CFCD9950088733D /* Views */,
				EA2793C72CFCD98F0088733D /* ViewModels */,
				EA2793C62CFCD98A0088733D /* Models */,
				EA2793B12CFC2B6B0088733D /* MoviesView.swift */,
				EA2793D72CFD37680088733D /* MovieDetailView.swift */,
			);
			path = Movies;
			sourceTree = "<group>";
		};
		EA2793BE2CFC33F20088733D /* Persistence */ = {
			isa = PBXGroup;
			children = (
				EA2793C32CFC34820088733D /* UserDefaults */,
				EA2793C12CFC34590088733D /* UserDefaultsService.swift */,
			);
			path = Persistence;
			sourceTree = "<group>";
		};
		EA2793C32CFC34820088733D /* UserDefaults */ = {
			isa = PBXGroup;
			children = (
				EA2793BF2CFC33FB0088733D /* PersistenceService.swift */,
			);
			path = UserDefaults;
			sourceTree = "<group>";
		};
		EA2793C62CFCD98A0088733D /* Models */ = {
			isa = PBXGroup;
			children = (
				EA2793C92CFCDA660088733D /* Movie.swift */,
				EA2793D52CFCFAA80088733D /* MoviesError.swift */,
			);
			path = Models;
			sourceTree = "<group>";
		};
		EA2793C72CFCD98F0088733D /* ViewModels */ = {
			isa = PBXGroup;
			children = (
				EA2793D12CFCEAE60088733D /* MoviesViewModel.swift */,
				EA2793D92CFD382E0088733D /* MovieDetailViewModel.swift */,
			);
			path = ViewModels;
			sourceTree = "<group>";
		};
		EA2793C82CFCD9950088733D /* Views */ = {
			isa = PBXGroup;
			children = (
				EA2793D32CFCEB030088733D /* MovieCell.swift */,
			);
			path = Views;
			sourceTree = "<group>";
		};
		EA2793CB2CFCDC450088733D /* Login */ = {
			isa = PBXGroup;
			children = (
				EA2793AA2CFC13B90088733D /* Models */,
				EA2793A82CFC13850088733D /* LoginService.swift */,
			);
			path = Login;
			sourceTree = "<group>";
		};
		EA2793CC2CFCDC4F0088733D /* Movies */ = {
			isa = PBXGroup;
			children = (
				EA2793CD2CFCDC730088733D /* MoviesService.swift */,
				EA2793CF2CFCDC850088733D /* MoviesAPI.swift */,
			);
			path = Movies;
			sourceTree = "<group>";
		};
		EAA666B72CFBC67D005DACE2 = {
			isa = PBXGroup;
			children = (
				EAA666C22CFBC67D005DACE2 /* movies */,
				EAA666C12CFBC67D005DACE2 /* Products */,
				EA2793AD2CFC19340088733D /* Frameworks */,
			);
			sourceTree = "<group>";
		};
		EAA666C12CFBC67D005DACE2 /* Products */ = {
			isa = PBXGroup;
			children = (
				EAA666C02CFBC67D005DACE2 /* movies.app */,
			);
			name = Products;
			sourceTree = "<group>";
		};
		EAA666C22CFBC67D005DACE2 /* movies */ = {
			isa = PBXGroup;
			children = (
				EA2793BE2CFC33F20088733D /* Persistence */,
				EAA666D22CFBC828005DACE2 /* Modules */,
				EAA666D82CFBCC6E005DACE2 /* Navigation */,
				EAA666D12CFBC818005DACE2 /* Networking */,
				EAA666D42CFBC933005DACE2 /* Resources */,
				EAA666D32CFBC839005DACE2 /* Utilities */,
				EAA666C32CFBC67D005DACE2 /* moviesApp.swift */,
				EAA666C92CFBC67F005DACE2 /* Preview Content */,
			);
			path = movies;
			sourceTree = "<group>";
		};
		EAA666C92CFBC67F005DACE2 /* Preview Content */ = {
			isa = PBXGroup;
			children = (
				EAA666CA2CFBC67F005DACE2 /* Preview Assets.xcassets */,
			);
			path = "Preview Content";
			sourceTree = "<group>";
		};
		EAA666D12CFBC818005DACE2 /* Networking */ = {
			isa = PBXGroup;
			children = (
				EA2793A32CFBDA110088733D /* Services */,
				EA2793A22CFBDA0B0088733D /* Models */,
				EA2793A42CFBDA280088733D /* NetworkService.swift */,
			);
			path = Networking;
			sourceTree = "<group>";
		};
		EAA666D22CFBC828005DACE2 /* Modules */ = {
			isa = PBXGroup;
			children = (
				EA2793B02CFC2B4F0088733D /* Movies */,
				EA27939A2CFBD6E70088733D /* Login */,
			);
			path = Modules;
			sourceTree = "<group>";
		};
		EAA666D32CFBC839005DACE2 /* Utilities */ = {
			isa = PBXGroup;
			children = (
				EAA666D72CFBCA19005DACE2 /* Extensions  */,
				EAA666D62CFBCA10005DACE2 /* Components */,
			);
			path = Utilities;
			sourceTree = "<group>";
		};
		EAA666D42CFBC933005DACE2 /* Resources */ = {
			isa = PBXGroup;
			children = (
				EAA666C72CFBC67F005DACE2 /* Assets.xcassets */,
			);
			path = Resources;
			sourceTree = "<group>";
		};
		EAA666D62CFBCA10005DACE2 /* Components */ = {
			isa = PBXGroup;
			children = (
				EA2793932CFBD6BF0088733D /* TextFields */,
			);
			path = Components;
			sourceTree = "<group>";
		};
		EAA666D72CFBCA19005DACE2 /* Extensions  */ = {
			isa = PBXGroup;
			children = (
				EA2793BC2CFC315D0088733D /* Stinsen+Extensions.swift */,
				EA2793C42CFC35920088733D /* Codable+Extensions.swift */,
			);
			path = "Extensions ";
			sourceTree = "<group>";
		};
		EAA666D82CFBCC6E005DACE2 /* Navigation */ = {
			isa = PBXGroup;
			children = (
				EA2793B82CFC2FE60088733D /* UnauthenticatedCoordinator.swift */,
				EA2793BA2CFC30540088733D /* AuthenticatedCoordinator.swift */,
			);
			path = Navigation;
			sourceTree = "<group>";
		};
/* End PBXGroup section */

/* Begin PBXNativeTarget section */
		EAA666BF2CFBC67D005DACE2 /* movies */ = {
			isa = PBXNativeTarget;
			buildConfigurationList = EAA666CE2CFBC67F005DACE2 /* Build configuration list for PBXNativeTarget "movies" */;
			buildPhases = (
				EAA666BC2CFBC67D005DACE2 /* Sources */,
				EAA666BD2CFBC67D005DACE2 /* Frameworks */,
				EAA666BE2CFBC67D005DACE2 /* Resources */,
			);
			buildRules = (
			);
			dependencies = (
			);
			name = movies;
			packageProductDependencies = (
				EA2793AE2CFC19340088733D /* Moya */,
				EA2793B42CFC2E470088733D /* Stinsen */,
			);
			productName = movies;
			productReference = EAA666C02CFBC67D005DACE2 /* movies.app */;
			productType = "com.apple.product-type.application";
		};
/* End PBXNativeTarget section */

/* Begin PBXProject section */
		EAA666B82CFBC67D005DACE2 /* Project object */ = {
			isa = PBXProject;
			attributes = {
				BuildIndependentTargetsInParallel = 1;
				LastSwiftUpdateCheck = 1540;
				LastUpgradeCheck = 1540;
				TargetAttributes = {
					EAA666BF2CFBC67D005DACE2 = {
						CreatedOnToolsVersion = 15.4;
					};
				};
			};
			buildConfigurationList = EAA666BB2CFBC67D005DACE2 /* Build configuration list for PBXProject "movies" */;
			compatibilityVersion = "Xcode 14.0";
			developmentRegion = en;
			hasScannedForEncodings = 0;
			knownRegions = (
				en,
				Base,
			);
			mainGroup = EAA666B72CFBC67D005DACE2;
			packageReferences = (
				EA2793A12CFBD9EE0088733D /* XCRemoteSwiftPackageReference "Moya" */,
				EA2793B32CFC2E470088733D /* XCRemoteSwiftPackageReference "stinsen" */,
			);
			productRefGroup = EAA666C12CFBC67D005DACE2 /* Products */;
			projectDirPath = "";
			projectRoot = "";
			targets = (
				EAA666BF2CFBC67D005DACE2 /* movies */,
			);
		};
/* End PBXProject section */

/* Begin PBXResourcesBuildPhase section */
		EAA666BE2CFBC67D005DACE2 /* Resources */ = {
			isa = PBXResourcesBuildPhase;
			buildActionMask = 2147483647;
			files = (
				EAA666CB2CFBC67F005DACE2 /* Preview Assets.xcassets in Resources */,
				EAA666C82CFBC67F005DACE2 /* Assets.xcassets in Resources */,
			);
			runOnlyForDeploymentPostprocessing = 0;
		};
/* End PBXResourcesBuildPhase section */

/* Begin PBXSourcesBuildPhase section */
		EAA666BC2CFBC67D005DACE2 /* Sources */ = {
			isa = PBXSourcesBuildPhase;
			buildActionMask = 2147483647;
			files = (
				EA2793CA2CFCDA660088733D /* Movie.swift in Sources */,
				EA2793D62CFCFAA80088733D /* MoviesError.swift in Sources */,
				EA2793AC2CFC13C50088733D /* LoginResult.swift in Sources */,
				EA2793B22CFC2B6B0088733D /* MoviesView.swift in Sources */,
				EA2793BD2CFC315D0088733D /* Stinsen+Extensions.swift in Sources */,
				EA2793B92CFC2FE60088733D /* UnauthenticatedCoordinator.swift in Sources */,
				EA2793A72CFBDA7B0088733D /* ServiceError.swift in Sources */,
				EA2793CE2CFCDC730088733D /* MoviesService.swift in Sources */,
				EA2793BB2CFC30540088733D /* AuthenticatedCoordinator.swift in Sources */,
				EA27939C2CFBD6E70088733D /* LoginView.swift in Sources */,
				EA2793D82CFD37680088733D /* MovieDetailView.swift in Sources */,
				EA2793942CFBD6BF0088733D /* CustomTextField.swift in Sources */,
				EA2793C02CFC33FB0088733D /* PersistenceService.swift in Sources */,
				EA2793C22CFC34590088733D /* UserDefaultsService.swift in Sources */,
				EA2793A52CFBDA280088733D /* NetworkService.swift in Sources */,
				EA2793D02CFCDC850088733D /* MoviesAPI.swift in Sources */,
				EA2793D22CFCEAE60088733D /* MoviesViewModel.swift in Sources */,
				EA2793DA2CFD382E0088733D /* MovieDetailViewModel.swift in Sources */,
				EA2793D42CFCEB030088733D /* MovieCell.swift in Sources */,
				EA2793C52CFC35920088733D /* Codable+Extensions.swift in Sources */,
				EA2793A92CFC13850088733D /* LoginService.swift in Sources */,
				EA27939B2CFBD6E70088733D /* LoginViewModel.swift in Sources */,
				EAA666C42CFBC67D005DACE2 /* moviesApp.swift in Sources */,
				EA2793A02CFBD8430088733D /* LoginError.swift in Sources */,
				EA27939E2CFBD7700088733D /* LoginConstants.swift in Sources */,
			);
			runOnlyForDeploymentPostprocessing = 0;
		};
/* End PBXSourcesBuildPhase section */

/* Begin XCBuildConfiguration section */
		EAA666CC2CFBC67F005DACE2 /* Debug */ = {
			isa = XCBuildConfiguration;
			buildSettings = {
				ALWAYS_SEARCH_USER_PATHS = NO;
				ASSETCATALOG_COMPILER_GENERATE_SWIFT_ASSET_SYMBOL_EXTENSIONS = YES;
				CLANG_ANALYZER_NONNULL = YES;
				CLANG_ANALYZER_NUMBER_OBJECT_CONVERSION = YES_AGGRESSIVE;
				CLANG_CXX_LANGUAGE_STANDARD = "gnu++20";
				CLANG_ENABLE_MODULES = YES;
				CLANG_ENABLE_OBJC_ARC = YES;
				CLANG_ENABLE_OBJC_WEAK = YES;
				CLANG_WARN_BLOCK_CAPTURE_AUTORELEASING = YES;
				CLANG_WARN_BOOL_CONVERSION = YES;
				CLANG_WARN_COMMA = YES;
				CLANG_WARN_CONSTANT_CONVERSION = YES;
				CLANG_WARN_DEPRECATED_OBJC_IMPLEMENTATIONS = YES;
				CLANG_WARN_DIRECT_OBJC_ISA_USAGE = YES_ERROR;
				CLANG_WARN_DOCUMENTATION_COMMENTS = YES;
				CLANG_WARN_EMPTY_BODY = YES;
				CLANG_WARN_ENUM_CONVERSION = YES;
				CLANG_WARN_INFINITE_RECURSION = YES;
				CLANG_WARN_INT_CONVERSION = YES;
				CLANG_WARN_NON_LITERAL_NULL_CONVERSION = YES;
				CLANG_WARN_OBJC_IMPLICIT_RETAIN_SELF = YES;
				CLANG_WARN_OBJC_LITERAL_CONVERSION = YES;
				CLANG_WARN_OBJC_ROOT_CLASS = YES_ERROR;
				CLANG_WARN_QUOTED_INCLUDE_IN_FRAMEWORK_HEADER = YES;
				CLANG_WARN_RANGE_LOOP_ANALYSIS = YES;
				CLANG_WARN_STRICT_PROTOTYPES = YES;
				CLANG_WARN_SUSPICIOUS_MOVE = YES;
				CLANG_WARN_UNGUARDED_AVAILABILITY = YES_AGGRESSIVE;
				CLANG_WARN_UNREACHABLE_CODE = YES;
				CLANG_WARN__DUPLICATE_METHOD_MATCH = YES;
				COPY_PHASE_STRIP = NO;
				DEBUG_INFORMATION_FORMAT = dwarf;
				ENABLE_STRICT_OBJC_MSGSEND = YES;
				ENABLE_TESTABILITY = YES;
				ENABLE_USER_SCRIPT_SANDBOXING = YES;
				GCC_C_LANGUAGE_STANDARD = gnu17;
				GCC_DYNAMIC_NO_PIC = NO;
				GCC_NO_COMMON_BLOCKS = YES;
				GCC_OPTIMIZATION_LEVEL = 0;
				GCC_PREPROCESSOR_DEFINITIONS = (
					"DEBUG=1",
					"$(inherited)",
				);
				GCC_WARN_64_TO_32_BIT_CONVERSION = YES;
				GCC_WARN_ABOUT_RETURN_TYPE = YES_ERROR;
				GCC_WARN_UNDECLARED_SELECTOR = YES;
				GCC_WARN_UNINITIALIZED_AUTOS = YES_AGGRESSIVE;
				GCC_WARN_UNUSED_FUNCTION = YES;
				GCC_WARN_UNUSED_VARIABLE = YES;
				IPHONEOS_DEPLOYMENT_TARGET = 17.5;
				LOCALIZATION_PREFERS_STRING_CATALOGS = YES;
				MTL_ENABLE_DEBUG_INFO = INCLUDE_SOURCE;
				MTL_FAST_MATH = YES;
				ONLY_ACTIVE_ARCH = YES;
				SDKROOT = iphoneos;
				SWIFT_ACTIVE_COMPILATION_CONDITIONS = "DEBUG $(inherited)";
				SWIFT_OPTIMIZATION_LEVEL = "-Onone";
			};
			name = Debug;
		};
		EAA666CD2CFBC67F005DACE2 /* Release */ = {
			isa = XCBuildConfiguration;
			buildSettings = {
				ALWAYS_SEARCH_USER_PATHS = NO;
				ASSETCATALOG_COMPILER_GENERATE_SWIFT_ASSET_SYMBOL_EXTENSIONS = YES;
				CLANG_ANALYZER_NONNULL = YES;
				CLANG_ANALYZER_NUMBER_OBJECT_CONVERSION = YES_AGGRESSIVE;
				CLANG_CXX_LANGUAGE_STANDARD = "gnu++20";
				CLANG_ENABLE_MODULES = YES;
				CLANG_ENABLE_OBJC_ARC = YES;
				CLANG_ENABLE_OBJC_WEAK = YES;
				CLANG_WARN_BLOCK_CAPTURE_AUTORELEASING = YES;
				CLANG_WARN_BOOL_CONVERSION = YES;
				CLANG_WARN_COMMA = YES;
				CLANG_WARN_CONSTANT_CONVERSION = YES;
				CLANG_WARN_DEPRECATED_OBJC_IMPLEMENTATIONS = YES;
				CLANG_WARN_DIRECT_OBJC_ISA_USAGE = YES_ERROR;
				CLANG_WARN_DOCUMENTATION_COMMENTS = YES;
				CLANG_WARN_EMPTY_BODY = YES;
				CLANG_WARN_ENUM_CONVERSION = YES;
				CLANG_WARN_INFINITE_RECURSION = YES;
				CLANG_WARN_INT_CONVERSION = YES;
				CLANG_WARN_NON_LITERAL_NULL_CONVERSION = YES;
				CLANG_WARN_OBJC_IMPLICIT_RETAIN_SELF = YES;
				CLANG_WARN_OBJC_LITERAL_CONVERSION = YES;
				CLANG_WARN_OBJC_ROOT_CLASS = YES_ERROR;
				CLANG_WARN_QUOTED_INCLUDE_IN_FRAMEWORK_HEADER = YES;
				CLANG_WARN_RANGE_LOOP_ANALYSIS = YES;
				CLANG_WARN_STRICT_PROTOTYPES = YES;
				CLANG_WARN_SUSPICIOUS_MOVE = YES;
				CLANG_WARN_UNGUARDED_AVAILABILITY = YES_AGGRESSIVE;
				CLANG_WARN_UNREACHABLE_CODE = YES;
				CLANG_WARN__DUPLICATE_METHOD_MATCH = YES;
				COPY_PHASE_STRIP = NO;
				DEBUG_INFORMATION_FORMAT = "dwarf-with-dsym";
				ENABLE_NS_ASSERTIONS = NO;
				ENABLE_STRICT_OBJC_MSGSEND = YES;
				ENABLE_USER_SCRIPT_SANDBOXING = YES;
				GCC_C_LANGUAGE_STANDARD = gnu17;
				GCC_NO_COMMON_BLOCKS = YES;
				GCC_WARN_64_TO_32_BIT_CONVERSION = YES;
				GCC_WARN_ABOUT_RETURN_TYPE = YES_ERROR;
				GCC_WARN_UNDECLARED_SELECTOR = YES;
				GCC_WARN_UNINITIALIZED_AUTOS = YES_AGGRESSIVE;
				GCC_WARN_UNUSED_FUNCTION = YES;
				GCC_WARN_UNUSED_VARIABLE = YES;
				IPHONEOS_DEPLOYMENT_TARGET = 17.5;
				LOCALIZATION_PREFERS_STRING_CATALOGS = YES;
				MTL_ENABLE_DEBUG_INFO = NO;
				MTL_FAST_MATH = YES;
				SDKROOT = iphoneos;
				SWIFT_COMPILATION_MODE = wholemodule;
				VALIDATE_PRODUCT = YES;
			};
			name = Release;
		};
		EAA666CF2CFBC67F005DACE2 /* Debug */ = {
			isa = XCBuildConfiguration;
			buildSettings = {
				ASSETCATALOG_COMPILER_APPICON_NAME = AppIcon;
				ASSETCATALOG_COMPILER_GLOBAL_ACCENT_COLOR_NAME = AccentColor;
				CODE_SIGN_STYLE = Automatic;
				CURRENT_PROJECT_VERSION = 1;
				DEVELOPMENT_ASSET_PATHS = "\"movies/Preview Content\"";
				DEVELOPMENT_TEAM = MSB3W3PJMV;
				ENABLE_PREVIEWS = YES;
				GENERATE_INFOPLIST_FILE = YES;
				INFOPLIST_KEY_UIApplicationSceneManifest_Generation = YES;
				INFOPLIST_KEY_UIApplicationSupportsIndirectInputEvents = YES;
				INFOPLIST_KEY_UILaunchScreen_Generation = YES;
				INFOPLIST_KEY_UISupportedInterfaceOrientations_iPad = "UIInterfaceOrientationPortrait UIInterfaceOrientationPortraitUpsideDown UIInterfaceOrientationLandscapeLeft UIInterfaceOrientationLandscapeRight";
				INFOPLIST_KEY_UISupportedInterfaceOrientations_iPhone = "UIInterfaceOrientationPortrait UIInterfaceOrientationLandscapeLeft UIInterfaceOrientationLandscapeRight";
				LD_RUNPATH_SEARCH_PATHS = (
					"$(inherited)",
					"@executable_path/Frameworks",
				);
				MARKETING_VERSION = 1.0;
				PRODUCT_BUNDLE_IDENTIFIER = com.yonnyrivera.movies;
				PRODUCT_NAME = "$(TARGET_NAME)";
				SWIFT_EMIT_LOC_STRINGS = YES;
				SWIFT_VERSION = 5.0;
				TARGETED_DEVICE_FAMILY = "1,2";
			};
			name = Debug;
		};
		EAA666D02CFBC67F005DACE2 /* Release */ = {
			isa = XCBuildConfiguration;
			buildSettings = {
				ASSETCATALOG_COMPILER_APPICON_NAME = AppIcon;
				ASSETCATALOG_COMPILER_GLOBAL_ACCENT_COLOR_NAME = AccentColor;
				CODE_SIGN_STYLE = Automatic;
				CURRENT_PROJECT_VERSION = 1;
				DEVELOPMENT_ASSET_PATHS = "\"movies/Preview Content\"";
				DEVELOPMENT_TEAM = MSB3W3PJMV;
				ENABLE_PREVIEWS = YES;
				GENERATE_INFOPLIST_FILE = YES;
				INFOPLIST_KEY_UIApplicationSceneManifest_Generation = YES;
				INFOPLIST_KEY_UIApplicationSupportsIndirectInputEvents = YES;
				INFOPLIST_KEY_UILaunchScreen_Generation = YES;
				INFOPLIST_KEY_UISupportedInterfaceOrientations_iPad = "UIInterfaceOrientationPortrait UIInterfaceOrientationPortraitUpsideDown UIInterfaceOrientationLandscapeLeft UIInterfaceOrientationLandscapeRight";
				INFOPLIST_KEY_UISupportedInterfaceOrientations_iPhone = "UIInterfaceOrientationPortrait UIInterfaceOrientationLandscapeLeft UIInterfaceOrientationLandscapeRight";
				LD_RUNPATH_SEARCH_PATHS = (
					"$(inherited)",
					"@executable_path/Frameworks",
				);
				MARKETING_VERSION = 1.0;
				PRODUCT_BUNDLE_IDENTIFIER = com.yonnyrivera.movies;
				PRODUCT_NAME = "$(TARGET_NAME)";
				SWIFT_EMIT_LOC_STRINGS = YES;
				SWIFT_VERSION = 5.0;
				TARGETED_DEVICE_FAMILY = "1,2";
			};
			name = Release;
		};
/* End XCBuildConfiguration section */

/* Begin XCConfigurationList section */
		EAA666BB2CFBC67D005DACE2 /* Build configuration list for PBXProject "movies" */ = {
			isa = XCConfigurationList;
			buildConfigurations = (
				EAA666CC2CFBC67F005DACE2 /* Debug */,
				EAA666CD2CFBC67F005DACE2 /* Release */,
			);
			defaultConfigurationIsVisible = 0;
			defaultConfigurationName = Release;
		};
		EAA666CE2CFBC67F005DACE2 /* Build configuration list for PBXNativeTarget "movies" */ = {
			isa = XCConfigurationList;
			buildConfigurations = (
				EAA666CF2CFBC67F005DACE2 /* Debug */,
				EAA666D02CFBC67F005DACE2 /* Release */,
			);
			defaultConfigurationIsVisible = 0;
			defaultConfigurationName = Release;
		};
/* End XCConfigurationList section */

/* Begin XCRemoteSwiftPackageReference section */
		EA2793A12CFBD9EE0088733D /* XCRemoteSwiftPackageReference "Moya" */ = {
			isa = XCRemoteSwiftPackageReference;
			repositoryURL = "https://github.com/Moya/Moya.git";
			requirement = {
				kind = upToNextMajorVersion;
				minimumVersion = 15.0.3;
			};
		};
		EA2793B32CFC2E470088733D /* XCRemoteSwiftPackageReference "stinsen" */ = {
			isa = XCRemoteSwiftPackageReference;
			repositoryURL = "https://github.com/rundfunk47/stinsen";
			requirement = {
				kind = upToNextMajorVersion;
				minimumVersion = 2.0.13;
			};
		};
/* End XCRemoteSwiftPackageReference section */

/* Begin XCSwiftPackageProductDependency section */
		EA2793AE2CFC19340088733D /* Moya */ = {
			isa = XCSwiftPackageProductDependency;
			package = EA2793A12CFBD9EE0088733D /* XCRemoteSwiftPackageReference "Moya" */;
			productName = Moya;
		};
		EA2793B42CFC2E470088733D /* Stinsen */ = {
			isa = XCSwiftPackageProductDependency;
			package = EA2793B32CFC2E470088733D /* XCRemoteSwiftPackageReference "stinsen" */;
			productName = Stinsen;
		};
/* End XCSwiftPackageProductDependency section */
	};
	rootObject = EAA666B82CFBC67D005DACE2 /* Project object */;
}
